
Microsoft Visual Studio Solution File, Format Version 12.00
# Visual Studio Version 17
VisualStudioVersion = 17.6.33723.286
MinimumVisualStudioVersion = 10.0.40219.1
Project("{2150E333-8FDC-42A3-9474-1A3956D46DE8}") = "src", "src", "{4D8AB520-9B17-4CD6-B06F-1E2662FD4CEB}"
EndProject
Project("{FAE04EC0-301F-11D3-BF4B-00C04F79EFBC}") = "Application", "src\Application\Application.csproj", "{EA2279A8-F984-4CF0-95D0-69698A606F15}"
EndProject
Project("{FAE04EC0-301F-11D3-BF4B-00C04F79EFBC}") = "Domain", "src\Domain\Domain.csproj", "{BB1E3B87-A56E-43DF-92F6-5ADDDB1E9EF8}"
EndProject
Project("{FAE04EC0-301F-11D3-BF4B-00C04F79EFBC}") = "Infrastructure", "src\Infrastructure\Infrastructure.csproj", "{E68AD870-1197-4371-B943-F43CA7F65C28}"
EndProject
Project("{FAE04EC0-301F-11D3-BF4B-00C04F79EFBC}") = "WebApi", "src\WebApi\WebApi.csproj", "{2B08CC3D-9818-4C96-9D8B-2A7AFF3D460B}"
EndProject
Global
	GlobalSection(SolutionConfigurationPlatforms) = preSolution
		Debug|Any CPU = Debug|Any CPU
		Release|Any CPU = Release|Any CPU
	EndGlobalSection
	GlobalSection(ProjectConfigurationPlatforms) = postSolution
		{EA2279A8-F984-4CF0-95D0-69698A606F15}.Debug|Any CPU.ActiveCfg = Debug|Any CPU
		{EA2279A8-F984-4CF0-95D0-69698A606F15}.Debug|Any CPU.Build.0 = Debug|Any CPU
		{EA2279A8-F984-4CF0-95D0-69698A606F15}.Release|Any CPU.ActiveCfg = Release|Any CPU
		{EA2279A8-F984-4CF0-95D0-69698A606F15}.Release|Any CPU.Build.0 = Release|Any CPU
		{BB1E3B87-A56E-43DF-92F6-5ADDDB1E9EF8}.Debug|Any CPU.ActiveCfg = Debug|Any CPU
		{BB1E3B87-A56E-43DF-92F6-5ADDDB1E9EF8}.Debug|Any CPU.Build.0 = Debug|Any CPU
		{BB1E3B87-A56E-43DF-92F6-5ADDDB1E9EF8}.Release|Any CPU.ActiveCfg = Release|Any CPU
		{BB1E3B87-A56E-43DF-92F6-5ADDDB1E9EF8}.Release|Any CPU.Build.0 = Release|Any CPU
		{E68AD870-1197-4371-B943-F43CA7F65C28}.Debug|Any CPU.ActiveCfg = Debug|Any CPU
		{E68AD870-1197-4371-B943-F43CA7F65C28}.Debug|Any CPU.Build.0 = Debug|Any CPU
		{E68AD870-1197-4371-B943-F43CA7F65C28}.Release|Any CPU.ActiveCfg = Release|Any CPU
		{E68AD870-1197-4371-B943-F43CA7F65C28}.Release|Any CPU.Build.0 = Release|Any CPU
		{2B08CC3D-9818-4C96-9D8B-2A7AFF3D460B}.Debug|Any CPU.ActiveCfg = Debug|Any CPU
		{2B08CC3D-9818-4C96-9D8B-2A7AFF3D460B}.Debug|Any CPU.Build.0 = Debug|Any CPU
		{2B08CC3D-9818-4C96-9D8B-2A7AFF3D460B}.Release|Any CPU.ActiveCfg = Release|Any CPU
		{2B08CC3D-9818-4C96-9D8B-2A7AFF3D460B}.Release|Any CPU.Build.0 = Release|Any CPU
	EndGlobalSection
	GlobalSection(SolutionProperties) = preSolution
		HideSolutionNode = FALSE
	EndGlobalSection
	GlobalSection(NestedProjects) = preSolution
		{EA2279A8-F984-4CF0-95D0-69698A606F15} = {4D8AB520-9B17-4CD6-B06F-1E2662FD4CEB}
		{BB1E3B87-A56E-43DF-92F6-5ADDDB1E9EF8} = {4D8AB520-9B17-4CD6-B06F-1E2662FD4CEB}
		{E68AD870-1197-4371-B943-F43CA7F65C28} = {4D8AB520-9B17-4CD6-B06F-1E2662FD4CEB}
		{2B08CC3D-9818-4C96-9D8B-2A7AFF3D460B} = {4D8AB520-9B17-4CD6-B06F-1E2662FD4CEB}
	EndGlobalSection
	GlobalSection(ExtensibilityGlobals) = postSolution
		SolutionGuid = {5B9C08DA-460A-43DB-B452-3D6F92CE4865}
	EndGlobalSection
EndGlobal
